lockfileVersion: '9.0'

settings:
  autoInstallPeers: true
  excludeLinksFromLockfile: false

importers:

  .:
    dependencies:
      cordis:
        specifier: ^4.0.0
        version: 4.0.0-rc.8
    devDependencies:
      '@types/node':
        specifier: ^22.20.1
        version: 22.20.1
      typescript:
        specifier: ^5.6.3
        version: 5.6.3

packages:

  '@standard-schema/spec@1.1.0':
    resolution: {integrity: sha512-l2aFy5jALhniG5HgqrD6jXLi/rUWrKvqN/qJx6yoJsgKhblVd+iqqU4RCXavm/jPityDo5TCvKMnpjKnOriy0w==}

  '@types/node@22.20.1':
    resolution: {integrity: sha512-EANqOCF9QFyra+4pfxUcX9STKJpCLjMbObVzljIJomAWSnuSIEAvyzEU53GaajbXJEgdh0iEcPL+DGvpUd4k1Q==}

  cordis@4.0.0-rc.8:
    resolution: {integrity: sha512-vXaYK6XZJlIFTnODp4Rd973Qnd/gm3cwFzWsMTaeu6cQQheA7N+aA0GqHRNl0cFIrxMXWU8dst1ZXHlUQvfyRw==}
    hasBin: true
    peerDependencies:
      '@cordisjs/plugin-include': ^1.0.4
      '@cordisjs/plugin-loader': ^1.0.0-rc.5
    peerDependenciesMeta:
      '@cordisjs/plugin-include':
        optional: true
      '@cordisjs/plugin-loader':
        optional: true

  cosmokit@1.8.1:
    resolution: {integrity: sha512-PDBv4l90xZKrUsZ0vtoycgZpO/j4iFsqJXrAxsyBDsnQRI7ZMJXIjgDJsKNjd5L8jnVnnlrDCdhkFbTncgCVjQ==}

  typescript@5.6.3:
    resolution: {integrity: sha512-hjcS1mhfuyi4WW8IWtjP7brDrG2cuDZukyrYrSauoXGNgx0S7zceP07adYkJycEr56BOUTNPzbInooiN3fn1qw==}
    engines: {node: '>=14.17'}
    hasBin: true

  undici-types@6.21.0:
    resolution: {integrity: sha512-iwDZqg0QAGrg9Rav5H4n0M64c3mkR59cJ6wQp+7C4nI0gsmExaedaYLNO44eT4AtBBwjbTiGPMlt2Md0T9H9JQ==}

snapshots:

  '@standard-schema/spec@1.1.0': {}

  '@types/node@22.20.1':
    dependencies:
      undici-types: 6.21.0

  cordis@4.0.0-rc.8:
    dependencies:
      '@standard-schema/spec': 1.1.0
      cosmokit: 1.8.1

  cosmokit@1.8.1: {}

  typescript@5.6.3: {}

  undici-types@6.21.0: {}
